# This file is automatically @generated by Cargo.
# It is not intended for manual editing.
version = 3

[[package]]
name = "cc"
version = "1.4.3"
source = "registry+https://github.com/rust-lang/crates.io-index"
checksum = "509591b7bcd67f4ef775afad7662703b4935daaa6ec0e5605cfb1090b32a2b6d"
dependencies = [
 "find-msvc-tools",
 "jobserver",
 "libc",
 "shlex",
]

[[package]]
name = "cfg-if"
version = "1.0.4"
source = "registry+https://github.com/rust-lang/crates.io-index"
checksum = "9330f8b2ff13f34540b44e946ef35111825727b38d33286ef986142615121801"

[[package]]
name = "dunce"
version = "1.0.5"
source = "registry+https://github.com/rust-lang/crates.io-index"
checksum = "92773504d58c093f6de2459af4af33faa518c13451eb8f2b5698ed3d36e7c813"

[[package]]
name = "find-msvc-tools"
version = "0.1.11"
source = "registry+https://github.com/rust-lang/crates.io-index"
checksum = "d45db016d36b838f563236e9193d0ee6ce38f3f68b6c94e914b4929c96bbb890"

[[package]]
name = "getrandom"
version = "0.2.17"
source = "registry+https://github.com/rust-lang/crates.io-index"
checksum = "ff2abc00be7fca6ebc474524697ae276ad847ad0a6b3faa4bcb027e9a4614ad0"
dependencies = [
 "cfg-if",
 "libc",
 "wasi",
]

[[package]]
name = "glob"
version = "0.3.4"
source = "registry+https://github.com/rust-lang/crates.io-index"
checksum = "e4eba85ea1d0a966a983acd07deee566e67395d2d96b6fb39e62b5a833f1eb0b"

[[package]]
name = "jobserver"
version = "0.1.32"
source = "registry+https://github.com/rust-lang/crates.io-index"
checksum = "48d1dbcbbeb6a7fec7e059840aa538bd62aaccf972c7346c4d9d2059312853d0"
dependencies = [
 "libc",
]

[[package]]
name = "libc"
version = "0.2.189"
source = "registry+https://github.com/rust-lang/crates.io-index"
checksum = "3eaf3ede3fee6db1a4c2ee091bf8a8b4dccdc6d17f656fb07896ee72867612f2"

[[package]]
name = "paste"
version = "1.0.15"
source = "registry+https://github.com/rust-lang/crates.io-index"
checksum = "57c0d7b74b563b49d38dae00a0c37d4d6de9b432382b2892f0574ddcae73fd0a"

[[package]]
name = "pqcrypto-falcon"
version = "0.4.1"
source = "registry+https://github.com/rust-lang/crates.io-index"
checksum = "01a0e72acca23e8bc9886f26396adbc1a2c71fc0b841723415ee245cdc5b395c"
dependencies = [
 "cc",
 "glob",
 "libc",
 "pqcrypto-internals",
 "pqcrypto-traits",
]

[[package]]
name = "pqcrypto-internals"
version = "0.2.10"
source = "registry+https://github.com/rust-lang/crates.io-index"
checksum = "5f408e9e302fffe05f781c95777cb36bbfc51daccf518c28c5829d49a989df22"
dependencies = [
 "cc",
 "dunce",
 "getrandom",
 "libc",
]

[[package]]
name = "pqcrypto-mldsa"
version = "0.1.2"
source = "registry+https://github.com/rust-lang/crates.io-index"
checksum = "f9f812cd126a2582599478a434fea75937b4b05d234c64a49e0cea129e130528"
dependencies = [
 "cc",
 "glob",
 "libc",
 "paste",
 "pqcrypto-internals",
 "pqcrypto-traits",
]

[[package]]
name = "pqcrypto-mlkem"
version = "0.1.1"
source = "registry+https://github.com/rust-lang/crates.io-index"
checksum = "eb14d207f3749e8a59a026c22ceaa72d70fff931cfbf4c8d9b08f3fc56dc6e60"
dependencies = [
 "cc",
 "glob",
 "libc",
 "pqcrypto-internals",
 "pqcrypto-traits",
]

[[package]]
name = "pqcrypto-traits"
version = "0.3.5"
source = "registry+https://github.com/rust-lang/crates.io-index"
checksum = "94e851c7654eed9e68d7d27164c454961a616cf8c203d500607ef22c737b51bb"

[[package]]
name = "rwa-vault-pq-oracle"
version = "0.0.1"
dependencies = [
 "pqcrypto-falcon",
 "pqcrypto-internals",
 "pqcrypto-mldsa",
 "pqcrypto-mlkem",
 "pqcrypto-traits",
]

[[package]]
name = "shlex"
version = "2.0.1"
source = "registry+https://github.com/rust-lang/crates.io-index"
checksum = "f8fadd59c855ef2080decdef8ff161eb6661b86933c9d82e5ba29dc602a55aba"

[[package]]
name = "wasi"
version = "0.11.1+wasi-snapshot-preview1"
source = "registry+https://github.com/rust-lang/crates.io-index"
checksum = "ccf3ec651a847eb01de73ccad15eb7d99f80485de043efb2f370cd654f4ea44b"
